
Microsoft Visual Studio Solution File, Format Version 12.00
# Visual Studio 14
VisualStudioVersion = 14.0.25123.0
MinimumVisualStudioVersion = 10.0.40219.1
Project("{FAE04EC0-301F-11D3-BF4B-00C04F79EFBC}") = "Iss.LiveClassRoom.FrontEnd", "Iss.LiveClassRoom.FrontEnd\Iss.LiveClassRoom.FrontEnd.csproj", "{9A31F4D8-966F-4837-AC3C-D0BFEB096083}"
	ProjectSection(ProjectDependencies) = postProject
		{A69279BE-AE4A-4E8D-8363-493EB9E87BF4} = {A69279BE-AE4A-4E8D-8363-493EB9E87BF4}
	EndProjectSection
EndProject
Project("{FAE04EC0-301F-11D3-BF4B-00C04F79EFBC}") = "Iss.LiveClassRoom.Core", "Iss.LiveClassRoom.Core\Iss.LiveClassRoom.Core.csproj", "{A69279BE-AE4A-4E8D-8363-493EB9E87BF4}"
EndProject
Project("{FAE04EC0-301F-11D3-BF4B-00C04F79EFBC}") = "Iss.LiveClassRoom.DataAccessLayer", "Iss.LiveClassRoom.DataAccessLayer\Iss.LiveClassRoom.DataAccessLayer.csproj", "{861CC834-592E-4934-A25D-5C9887EABFDA}"
EndProject
Project("{FAE04EC0-301F-11D3-BF4B-00C04F79EFBC}") = "Iss.LiveClassRoom.ServiceLayer", "Iss.LiveClassRoom.ServiceLayer\Iss.LiveClassRoom.ServiceLayer.csproj", "{73AC98DB-2669-489B-A07D-E098872B854F}"
EndProject
Project("{FAE04EC0-301F-11D3-BF4B-00C04F79EFBC}") = "Iss.LiveClassRoom.Ioc", "Iss.LiveClassRoom.Ioc\Iss.LiveClassRoom.Ioc.csproj", "{60A484EB-B46F-4412-BFAC-2A53A77A6833}"
EndProject
Project("{2150E333-8FDC-42A3-9474-1A3956D46DE8}") = "Business", "Business", "{60EBB95B-8AE0-4C6F-A596-0E55FDAECA1E}"
EndProject
Project("{2150E333-8FDC-42A3-9474-1A3956D46DE8}") = "Web", "Web", "{7A312C3F-26AB-4092-A7A2-84EF7028A3D1}"
EndProject
Project("{2150E333-8FDC-42A3-9474-1A3956D46DE8}") = "Infrastructure", "Infrastructure", "{7B717762-1B7B-46E1-B55D-5FD09E4B425F}"
EndProject
Project("{2150E333-8FDC-42A3-9474-1A3956D46DE8}") = "Tests", "Tests", "{83C50258-B997-4D47-9571-C3352B359E55}"
EndProject
Project("{FAE04EC0-301F-11D3-BF4B-00C04F79EFBC}") = "Iss.LiveClassRoom.WebService", "Iss.LiveClassRoom.WebService\Iss.LiveClassRoom.WebService.csproj", "{71FDDB8F-9A14-4632-B9ED-1053B94C0453}"
EndProject
Global
	GlobalSection(SolutionConfigurationPlatforms) = preSolution
		Debug|Any CPU = Debug|Any CPU
		Release|Any CPU = Release|Any CPU
	EndGlobalSection
	GlobalSection(ProjectConfigurationPlatforms) = postSolution
		{9A31F4D8-966F-4837-AC3C-D0BFEB096083}.Debug|Any CPU.ActiveCfg = Debug|Any CPU
		{9A31F4D8-966F-4837-AC3C-D0BFEB096083}.Debug|Any CPU.Build.0 = Debug|Any CPU
		{9A31F4D8-966F-4837-AC3C-D0BFEB096083}.Release|Any CPU.ActiveCfg = Release|Any CPU
		{9A31F4D8-966F-4837-AC3C-D0BFEB096083}.Release|Any CPU.Build.0 = Release|Any CPU
		{A69279BE-AE4A-4E8D-8363-493EB9E87BF4}.Debug|Any CPU.ActiveCfg = Debug|Any CPU
		{A69279BE-AE4A-4E8D-8363-493EB9E87BF4}.Debug|Any CPU.Build.0 = Debug|Any CPU
		{A69279BE-AE4A-4E8D-8363-493EB9E87BF4}.Release|Any CPU.ActiveCfg = Release|Any CPU
		{A69279BE-AE4A-4E8D-8363-493EB9E87BF4}.Release|Any CPU.Build.0 = Release|Any CPU
		{861CC834-592E-4934-A25D-5C9887EABFDA}.Debug|Any CPU.ActiveCfg = Debug|Any CPU
		{861CC834-592E-4934-A25D-5C9887EABFDA}.Debug|Any CPU.Build.0 = Debug|Any CPU
		{861CC834-592E-4934-A25D-5C9887EABFDA}.Release|Any CPU.ActiveCfg = Release|Any CPU
		{861CC834-592E-4934-A25D-5C9887EABFDA}.Release|Any CPU.Build.0 = Release|Any CPU
		{73AC98DB-2669-489B-A07D-E098872B854F}.Debug|Any CPU.ActiveCfg = Debug|Any CPU
		{73AC98DB-2669-489B-A07D-E098872B854F}.Debug|Any CPU.Build.0 = Debug|Any CPU
		{73AC98DB-2669-489B-A07D-E098872B854F}.Release|Any CPU.ActiveCfg = Release|Any CPU
		{73AC98DB-2669-489B-A07D-E098872B854F}.Release|Any CPU.Build.0 = Release|Any CPU
		{60A484EB-B46F-4412-BFAC-2A53A77A6833}.Debug|Any CPU.ActiveCfg = Debug|Any CPU
		{60A484EB-B46F-4412-BFAC-2A53A77A6833}.Debug|Any CPU.Build.0 = Debug|Any CPU
		{60A484EB-B46F-4412-BFAC-2A53A77A6833}.Release|Any CPU.ActiveCfg = Release|Any CPU
		{60A484EB-B46F-4412-BFAC-2A53A77A6833}.Release|Any CPU.Build.0 = Release|Any CPU
		{71FDDB8F-9A14-4632-B9ED-1053B94C0453}.Debug|Any CPU.ActiveCfg = Debug|Any CPU
		{71FDDB8F-9A14-4632-B9ED-1053B94C0453}.Debug|Any CPU.Build.0 = Debug|Any CPU
		{71FDDB8F-9A14-4632-B9ED-1053B94C0453}.Release|Any CPU.ActiveCfg = Release|Any CPU
		{71FDDB8F-9A14-4632-B9ED-1053B94C0453}.Release|Any CPU.Build.0 = Release|Any CPU
	EndGlobalSection
	GlobalSection(SolutionProperties) = preSolution
		HideSolutionNode = FALSE
	EndGlobalSection
	GlobalSection(NestedProjects) = preSolution
		{9A31F4D8-966F-4837-AC3C-D0BFEB096083} = {7A312C3F-26AB-4092-A7A2-84EF7028A3D1}
		{A69279BE-AE4A-4E8D-8363-493EB9E87BF4} = {60EBB95B-8AE0-4C6F-A596-0E55FDAECA1E}
		{861CC834-592E-4934-A25D-5C9887EABFDA} = {7B717762-1B7B-46E1-B55D-5FD09E4B425F}
		{73AC98DB-2669-489B-A07D-E098872B854F} = {60EBB95B-8AE0-4C6F-A596-0E55FDAECA1E}
		{60A484EB-B46F-4412-BFAC-2A53A77A6833} = {7B717762-1B7B-46E1-B55D-5FD09E4B425F}
		{83C50258-B997-4D47-9571-C3352B359E55} = {7B717762-1B7B-46E1-B55D-5FD09E4B425F}
		{71FDDB8F-9A14-4632-B9ED-1053B94C0453} = {7A312C3F-26AB-4092-A7A2-84EF7028A3D1}
	EndGlobalSection
EndGlobal
